// !$*UTF8*$!
{
	archiveVersion = 1;
	classes = {
	};
	objectVersion = 46;
	objects = {

/* Begin PBXBuildFile section */
		FF9EFBF2188EE32D00C4C271 /* main.cpp in Sources */ = {isa = PBXBuildFile; fileRef = FF9EFBF1188EE32D00C4C271 /* main.cpp */; };
		FF9EFBF4188EE32D00C4C271 /* h.1 in CopyFiles */ = {isa = PBXBuildFile; fileRef = FF9EFBF3188EE32D00C4C271 /* h.1 */; };
/* End PBXBuildFile section */

/* Begin PBXCopyFilesBuildPhase section */
		FF9EFBEB188EE32D00C4C271 /* CopyFiles */ = {
			isa = PBXCopyFilesBuildPhase;
			buildActionMask = 2147483647;
			dstPath = /usr/share/man/man1/;
			dstSubfolderSpec = 0;
			files = (
				FF9EFBF4188EE32D00C4C271 /* h.1 in CopyFiles */,
			);
			runOnlyForDeploymentPostprocessing = 1;
		};
/* End PBXCopyFilesBuildPhase section */

/* Begin PBXFileReference section */
		FF9EFBED188EE32D00C4C271 /* h */ = {isa = PBXFileReference; explicitFileType = "compiled.mach-o.executable"; includeInIndex = 0; path = h; sourceTree = BUILT_PRODUCTS_DIR; };
		FF9EFBF1188EE32D00C4C271 /* main.cpp */ = {isa = PBXFileReference; lastKnownFileType = sourcecode.cpp.cpp; path = main.cpp; sourceTree = "<group>"; };
		FF9EFBF3188EE32D00C4C271 /* h.1 */ = {isa = PBXFileReference; lastKnownFileType = text.man; path = h.1; sourceTree = "<group>"; };
/* End PBXFileReference section */

/* Begin PBXFrameworksBuildPhase section */
		FF9EFBEA188EE32D00C4C271 /* Frameworks */ = {
			isa = PBXFrameworksBuildPhase;
			buildActionMask = 2147483647;
			files = (
			);
			runOnlyForDeploymentPostprocessing = 0;
		};
/* End PBXFrameworksBuildPhase section */

/* Begin PBXGroup section */
		FF9EFBE2188EE32D00C4C271 = {
			isa = PBXGroup;
			children = (
				FF9EFBF0188EE32D00C4C271 /* h */,
				FF9EFBEE188EE32D00C4C271 /* Products */,
			);
			sourceTree = "<group>";
		};
		FF9EFBEE188EE32D00C4C271 /* Products */ = {
			isa = PBXGroup;
			children = (
				FF9EFBED188EE32D00C4C271 /* h */,
			);
			name = Products;
			sourceTree = "<group>";
		};
		FF9EFBF0188EE32D00C4C271 /* h */ = {
			isa = PBXGroup;
			children = (
				FF9EFBF1188EE32D00C4C271 /* main.cpp */,
				FF9EFBF3188EE32D00C4C271 /* h.1 */,
			);
			path = h;
			sourceTree = "<group>";
		};
/* End PBXGroup section */

/* Begin PBXNativeTarget section */
		FF9EFBEC188EE32D00C4C271 /* h */ = {
			isa = PBXNativeTarget;
			buildConfigurationList = FF9EFBF7188EE32D00C4C271 /* Build configuration list for PBXNativeTarget "h" */;
			buildPhases = (
				FF9EFBE9188EE32D00C4C271 /* Sources */,
				FF9EFBEA188EE32D00C4C271 /* Frameworks */,
				FF9EFBEB188EE32D00C4C271 /* CopyFiles */,
			);
			buildRules = (
			);
			dependencies = (
			);
			name = h;
			productName = h;
			productReference = FF9EFBED188EE32D00C4C271 /* h */;
			productType = "com.apple.product-type.tool";
		};
/* End PBXNativeTarget section */

/* Begin PBXProject section */
		FF9EFBE4188EE32D00C4C271 /* Project object */ = {
			isa = PBXProject;
			attributes = {
				LastUpgradeCheck = 0450;
				ORGANIZATIONNAME = "Amiel Kollek";
			};
			buildConfigurationList = FF9EFBE7188EE32D00C4C271 /* Build configuration list for PBXProject "h" */;
			compatibilityVersion = "Xcode 3.2";
			developmentRegion = English;
			hasScannedForEncodings = 0;
			knownRegions = (
				en,
			);
			mainGroup = FF9EFBE2188EE32D00C4C271;
			productRefGroup = FF9EFBEE188EE32D00C4C271 /* Products */;
			projectDirPath = "";
			projectRoot = "";
			targets = (
				FF9EFBEC188EE32D00C4C271 /* h */,
			);
		};
/* End PBXProject section */

/* Begin PBXSourcesBuildPhase section */
		FF9EFBE9188EE32D00C4C271 /* Sources */ = {
			isa = PBXSourcesBuildPhase;
			buildActionMask = 2147483647;
			files = (
				FF9EFBF2188EE32D00C4C271 /* main.cpp in Sources */,
			);
			runOnlyForDeploymentPostprocessing = 0;
		};
/* End PBXSourcesBuildPhase section */

/* Begin XCBuildConfiguration section */
		FF9EFBF5188EE32D00C4C271 /* Debug */ = {
			isa = XCBuildConfiguration;
			buildSettings = {
				ALWAYS_SEARCH_USER_PATHS = NO;
				ARCHS = "$(ARCHS_STANDARD_64_BIT)";
				CLANG_CXX_LANGUAGE_STANDARD = "gnu++0x";
				CLANG_CXX_LIBRARY = "libc++";
				CLANG_WARN_EMPTY_BODY = YES;
				CLANG_WARN__DUPLICATE_METHOD_MATCH = YES;
				COPY_PHASE_STRIP = NO;
				GCC_C_LANGUAGE_STANDARD = gnu99;
				GCC_DYNAMIC_NO_PIC = NO;
				GCC_ENABLE_OBJC_EXCEPTIONS = YES;
				GCC_OPTIMIZATION_LEVEL = 0;
				GCC_PREPROCESSOR_DEFINITIONS = (
					"DEBUG=1",
					"$(inherited)",
				);
				GCC_SYMBOLS_PRIVATE_EXTERN = NO;
				GCC_WARN_64_TO_32_BIT_CONVERSION = YES;
				GCC_WARN_ABOUT_RETURN_TYPE = YES;
				GCC_WARN_UNINITIALIZED_AUTOS = YES;
				GCC_WARN_UNUSED_VARIABLE = YES;
				MACOSX_DEPLOYMENT_TARGET = 10.7;
				ONLY_ACTIVE_ARCH = YES;
				SDKROOT = macosx;
			};
			name = Debug;
		};
		FF9EFBF6188EE32D00C4C271 /* Release */ = {
			isa = XCBuildConfiguration;
			buildSettings = {
				ALWAYS_SEARCH_USER_PATHS = NO;
				ARCHS = "$(ARCHS_STANDARD_64_BIT)";
				CLANG_CXX_LANGUAGE_STANDARD = "gnu++0x";
				CLANG_CXX_LIBRARY = "libc++";
				CLANG_WARN_EMPTY_BODY = YES;
				CLANG_WARN__DUPLICATE_METHOD_MATCH = YES;
				COPY_PHASE_STRIP = YES;
				DEBUG_INFORMATION_FORMAT = "dwarf-with-dsym";
				GCC_C_LANGUAGE_STANDARD = gnu99;
				GCC_ENABLE_OBJC_EXCEPTIONS = YES;
				GCC_WARN_64_TO_32_BIT_CONVERSION = YES;
				GCC_WARN_ABOUT_RETURN_TYPE = YES;
				GCC_WARN_UNINITIALIZED_AUTOS = YES;
				GCC_WARN_UNUSED_VARIABLE = YES;
				MACOSX_DEPLOYMENT_TARGET = 10.7;
				SDKROOT = macosx;
			};
			name = Release;
		};
		FF9EFBF8188EE32D00C4C271 /* Debug */ = {
			isa = XCBuildConfiguration;
			buildSettings = {
				PRODUCT_NAME = "$(TARGET_NAME)";
			};
			name = Debug;
		};
		FF9EFBF9188EE32D00C4C271 /* Release */ = {
			isa = XCBuildConfiguration;
			buildSettings = {
				PRODUCT_NAME = "$(TARGET_NAME)";
			};
			name = Release;
		};
/* End XCBuildConfiguration section */

/* Begin XCConfigurationList section */
		FF9EFBE7188EE32D00C4C271 /* Build configuration list for PBXProject "h" */ = {
			isa = XCConfigurationList;
			buildConfigurations = (
				FF9EFBF5188EE32D00C4C271 /* Debug */,
				FF9EFBF6188EE32D00C4C271 /* Release */,
			);
			defaultConfigurationIsVisible = 0;
			defaultConfigurationName = Release;
		};
		FF9EFBF7188EE32D00C4C271 /* Build configuration list for PBXNativeTarget "h" */ = {
			isa = XCConfigurationList;
			buildConfigurations = (
				FF9EFBF8188EE32D00C4C271 /* Debug */,
				FF9EFBF9188EE32D00C4C271 /* Release */,
			);
			defaultConfigurationIsVisible = 0;
		};
/* End XCConfigurationList section */
	};
	rootObject = FF9EFBE4188EE32D00C4C271 /* Project object */;
}
